
Microsoft Visual Studio Solution File, Format Version 12.00
# Visual Studio Version 16
VisualStudioVersion = 16.0.32106.194
MinimumVisualStudioVersion = 10.0.40219.1
Project("{FAE04EC0-301F-11D3-BF4B-00C04F79EFBC}") = "Applicants", "Applicants\Applicants.csproj", "{8CA58F45-E18C-45FF-B8A0-A39BAF00FEA8}"
EndProject
Global
	GlobalSection(SolutionConfigurationPlatforms) = preSolution
		Debug|Any CPU = Debug|Any CPU
		Release|Any CPU = Release|Any CPU
	EndGlobalSection
	GlobalSection(ProjectConfigurationPlatforms) = postSolution
		{8CA58F45-E18C-45FF-B8A0-A39BAF00FEA8}.Debug|Any CPU.ActiveCfg = Debug|Any CPU
		{8CA58F45-E18C-45FF-B8A0-A39BAF00FEA8}.Debug|Any CPU.Build.0 = Debug|Any CPU
		{8CA58F45-E18C-45FF-B8A0-A39BAF00FEA8}.Release|Any CPU.ActiveCfg = Release|Any CPU
		{8CA58F45-E18C-45FF-B8A0-A39BAF00FEA8}.Release|Any CPU.Build.0 = Release|Any CPU
	EndGlobalSection
	GlobalSection(SolutionProperties) = preSolution
		HideSolutionNode = FALSE
	EndGlobalSection
	GlobalSection(ExtensibilityGlobals) = postSolution
		SolutionGuid = {24C7789C-5A44-4E88-A876-CD3976D2DF41}
	EndGlobalSection
EndGlobal
